{
    "_readme": [
        "This file locks the dependencies of your project to a known state",
        "Read more about it at https://getcomposer.org/doc/01-basic-usage.md#installing-dependencies",
        "This file is @generated automatically"
    ],
    "content-hash": "a8f922a102f59a594f04308b7ab99228",
    "packages": [
        {
            "name": "vladkens/autoprefixer",
            "version": "dev-master",
            "source": {
                "type": "git",
                "url": "https://github.com/vladkens/autoprefixer-php.git",
                "reference": "72409e120f2336d0f230627ebf3c8d5f0b99df8b"
            },
            "dist": {
                "type": "zip",
                "url": "https://api.github.com/repos/vladkens/autoprefixer-php/zipball/72409e120f2336d0f230627ebf3c8d5f0b99df8b",
                "reference": "72409e120f2336d0f230627ebf3c8d5f0b99df8b",
                "shasum": ""
            },
            "require": {
                "php": ">=5.3.0"
            },
            "type": "library",
            "autoload": {
                "psr-0": {
                    "": "lib"
                }
            },
            "notification-url": "https://packagist.org/downloads/",
            "license": [
                "MIT"
            ],
            "authors": [
                {
                    "name": "Vlad Pronsky",
                    "email": "vladkens@yandex.ru"
                }
            ],
            "description": "Run Autoprefixer using node.js in you php.",
            "keywords": [
                "Node.js",
                "autoprefixer",
                "css",
                "prefixes"
            ],
            "time": "2015-06-14T13:40:00+00:00"
        }
    ],
    "packages-dev": [],
    "aliases": [],
    "minimum-stability": "stable",
    "stability-flags": {
        "vladkens/autoprefixer": 20
    },
    "prefer-stable": false,
    "prefer-lowest": false,
    "platform": [],
    "platform-dev": []
}
